
Microsoft Visual Studio Solution File, Format Version 12.00
# Visual Studio Version 17
VisualStudioVersion = 17.13.35919.96 d17.13
MinimumVisualStudioVersion = 10.0.40219.1
Project("{FAE04EC0-301F-11D3-BF4B-00C04F79EFBC}") = "CAI-SENTINEL-GUI", "CAI-SENTINEL-GUI\CAI-SENTINEL-GUI.csproj", "{F2211488-4558-45CC-884B-5041B9511CA0}"
EndProject
Global
	GlobalSection(SolutionConfigurationPlatforms) = preSolution
		Debug|Any CPU = Debug|Any CPU
		Release|Any CPU = Release|Any CPU
	EndGlobalSection
	GlobalSection(ProjectConfigurationPlatforms) = postSolution
		{F2211488-4558-45CC-884B-5041B9511CA0}.Debug|Any CPU.ActiveCfg = Debug|Any CPU
		{F2211488-4558-45CC-884B-5041B9511CA0}.Debug|Any CPU.Build.0 = Debug|Any CPU
		{F2211488-4558-45CC-884B-5041B9511CA0}.Release|Any CPU.ActiveCfg = Release|Any CPU
		{F2211488-4558-45CC-884B-5041B9511CA0}.Release|Any CPU.Build.0 = Release|Any CPU
	EndGlobalSection
	GlobalSection(SolutionProperties) = preSolution
		HideSolutionNode = FALSE
	EndGlobalSection
	GlobalSection(ExtensibilityGlobals) = postSolution
		SolutionGuid = {74BF8989-C55E-4B22-9AAC-E598D9A5B85D}
	EndGlobalSection
EndGlobal
